
Microsoft Visual Studio Solution File, Format Version 12.00
# Visual Studio Version 17
VisualStudioVersion = 17.3.32804.467
MinimumVisualStudioVersion = 10.0.40219.1
Project("{2150E333-8FDC-42A3-9474-1A3956D46DE8}") = "Identity", "Identity", "{1888D206-59DD-477E-A62E-3C79ACE6397C}"
EndProject
Project("{9A19103F-16F7-4668-BE54-9A1E7A4F7556}") = "IdentityServer", "Services\Identity\IdentityServer\IdentityServer.csproj", "{C9E795D8-BCCE-43D9-8D21-C49D2771AECA}"
EndProject
Project("{9A19103F-16F7-4668-BE54-9A1E7A4F7556}") = "EmailService", "Services\Identity\EmailService\EmailService.csproj", "{106D7375-997B-4160-B7EB-194DFD830F78}"
EndProject
Project("{2150E333-8FDC-42A3-9474-1A3956D46DE8}") = "WebServer", "WebServer", "{598710A2-60D7-40A0-B6CD-ADE8DBB3C277}"
EndProject
Project("{9A19103F-16F7-4668-BE54-9A1E7A4F7556}") = "DataAccess", "Services\WebServer\DataAccess\DataAccess\DataAccess.csproj", "{358E23B7-3C89-4689-B927-A02CFD310FAF}"
EndProject
Project("{9A19103F-16F7-4668-BE54-9A1E7A4F7556}") = "DataTransferObjects", "Services\WebServer\DataTransferObjects\DataTransferObjects.csproj", "{2BD41A8C-585F-4969-98CA-D04FEC2411CD}"
EndProject
Project("{9A19103F-16F7-4668-BE54-9A1E7A4F7556}") = "Domain", "Services\WebServer\Domain\Domain.csproj", "{BCF63CAB-B1F5-4DC3-BB57-AB3DF4B44E7A}"
EndProject
Project("{9A19103F-16F7-4668-BE54-9A1E7A4F7556}") = "Entities", "Services\WebServer\Entities\Entities.csproj", "{15C50BC0-A711-4FFF-8E83-5A12DD045E93}"
EndProject
Project("{9A19103F-16F7-4668-BE54-9A1E7A4F7556}") = "WebServerApi", "Services\WebServer\WebServerApi\WebServerApi.csproj", "{1D9C86A8-89D1-4F2A-AC20-BE9A781FD047}"
EndProject
Global
	GlobalSection(SolutionConfigurationPlatforms) = preSolution
		Debug|Any CPU = Debug|Any CPU
		Release|Any CPU = Release|Any CPU
	EndGlobalSection
	GlobalSection(ProjectConfigurationPlatforms) = postSolution
		{C9E795D8-BCCE-43D9-8D21-C49D2771AECA}.Debug|Any CPU.ActiveCfg = Debug|Any CPU
		{C9E795D8-BCCE-43D9-8D21-C49D2771AECA}.Debug|Any CPU.Build.0 = Debug|Any CPU
		{C9E795D8-BCCE-43D9-8D21-C49D2771AECA}.Release|Any CPU.ActiveCfg = Release|Any CPU
		{C9E795D8-BCCE-43D9-8D21-C49D2771AECA}.Release|Any CPU.Build.0 = Release|Any CPU
		{106D7375-997B-4160-B7EB-194DFD830F78}.Debug|Any CPU.ActiveCfg = Debug|Any CPU
		{106D7375-997B-4160-B7EB-194DFD830F78}.Debug|Any CPU.Build.0 = Debug|Any CPU
		{106D7375-997B-4160-B7EB-194DFD830F78}.Release|Any CPU.ActiveCfg = Release|Any CPU
		{106D7375-997B-4160-B7EB-194DFD830F78}.Release|Any CPU.Build.0 = Release|Any CPU
		{358E23B7-3C89-4689-B927-A02CFD310FAF}.Debug|Any CPU.ActiveCfg = Debug|Any CPU
		{358E23B7-3C89-4689-B927-A02CFD310FAF}.Debug|Any CPU.Build.0 = Debug|Any CPU
		{358E23B7-3C89-4689-B927-A02CFD310FAF}.Release|Any CPU.ActiveCfg = Release|Any CPU
		{358E23B7-3C89-4689-B927-A02CFD310FAF}.Release|Any CPU.Build.0 = Release|Any CPU
		{2BD41A8C-585F-4969-98CA-D04FEC2411CD}.Debug|Any CPU.ActiveCfg = Debug|Any CPU
		{2BD41A8C-585F-4969-98CA-D04FEC2411CD}.Debug|Any CPU.Build.0 = Debug|Any CPU
		{2BD41A8C-585F-4969-98CA-D04FEC2411CD}.Release|Any CPU.ActiveCfg = Release|Any CPU
		{2BD41A8C-585F-4969-98CA-D04FEC2411CD}.Release|Any CPU.Build.0 = Release|Any CPU
		{BCF63CAB-B1F5-4DC3-BB57-AB3DF4B44E7A}.Debug|Any CPU.ActiveCfg = Debug|Any CPU
		{BCF63CAB-B1F5-4DC3-BB57-AB3DF4B44E7A}.Debug|Any CPU.Build.0 = Debug|Any CPU
		{BCF63CAB-B1F5-4DC3-BB57-AB3DF4B44E7A}.Release|Any CPU.ActiveCfg = Release|Any CPU
		{BCF63CAB-B1F5-4DC3-BB57-AB3DF4B44E7A}.Release|Any CPU.Build.0 = Release|Any CPU
		{15C50BC0-A711-4FFF-8E83-5A12DD045E93}.Debug|Any CPU.ActiveCfg = Debug|Any CPU
		{15C50BC0-A711-4FFF-8E83-5A12DD045E93}.Debug|Any CPU.Build.0 = Debug|Any CPU
		{15C50BC0-A711-4FFF-8E83-5A12DD045E93}.Release|Any CPU.ActiveCfg = Release|Any CPU
		{15C50BC0-A711-4FFF-8E83-5A12DD045E93}.Release|Any CPU.Build.0 = Release|Any CPU
		{1D9C86A8-89D1-4F2A-AC20-BE9A781FD047}.Debug|Any CPU.ActiveCfg = Debug|Any CPU
		{1D9C86A8-89D1-4F2A-AC20-BE9A781FD047}.Debug|Any CPU.Build.0 = Debug|Any CPU
		{1D9C86A8-89D1-4F2A-AC20-BE9A781FD047}.Release|Any CPU.ActiveCfg = Release|Any CPU
		{1D9C86A8-89D1-4F2A-AC20-BE9A781FD047}.Release|Any CPU.Build.0 = Release|Any CPU
	EndGlobalSection
	GlobalSection(SolutionProperties) = preSolution
		HideSolutionNode = FALSE
	EndGlobalSection
	GlobalSection(NestedProjects) = preSolution
		{C9E795D8-BCCE-43D9-8D21-C49D2771AECA} = {1888D206-59DD-477E-A62E-3C79ACE6397C}
		{106D7375-997B-4160-B7EB-194DFD830F78} = {1888D206-59DD-477E-A62E-3C79ACE6397C}
		{358E23B7-3C89-4689-B927-A02CFD310FAF} = {598710A2-60D7-40A0-B6CD-ADE8DBB3C277}
		{2BD41A8C-585F-4969-98CA-D04FEC2411CD} = {598710A2-60D7-40A0-B6CD-ADE8DBB3C277}
		{BCF63CAB-B1F5-4DC3-BB57-AB3DF4B44E7A} = {598710A2-60D7-40A0-B6CD-ADE8DBB3C277}
		{15C50BC0-A711-4FFF-8E83-5A12DD045E93} = {598710A2-60D7-40A0-B6CD-ADE8DBB3C277}
		{1D9C86A8-89D1-4F2A-AC20-BE9A781FD047} = {598710A2-60D7-40A0-B6CD-ADE8DBB3C277}
	EndGlobalSection
	GlobalSection(ExtensibilityGlobals) = postSolution
		SolutionGuid = {2733C920-FFF2-4CD5-B12B-755A07E13589}
	EndGlobalSection
EndGlobal
